// !$*UTF8*$!
{
	archiveVersion = 1;
	classes = {
	};
	objectVersion = 50;
	objects = {

/* Begin PBXBuildFile section */
		500D5C1625E7E9EF00B744A6 /* Memory Game.swift in Sources */ = {isa = PBXBuildFile; fileRef = 500D5C1525E7E9EF00B744A6 /* Memory Game.swift */; };
		500D5C1925E7ECA900B744A6 /* EmojiMemoryGame.swift in Sources */ = {isa = PBXBuildFile; fileRef = 500D5C1825E7ECA900B744A6 /* EmojiMemoryGame.swift */; };
		504CAE7C25E6D034005FB21D /* AppDelegate.swift in Sources */ = {isa = PBXBuildFile; fileRef = 504CAE7B25E6D034005FB21D /* AppDelegate.swift */; };
		504CAE7E25E6D034005FB21D /* SceneDelegate.swift in Sources */ = {isa = PBXBuildFile; fileRef = 504CAE7D25E6D034005FB21D /* SceneDelegate.swift */; };
		504CAE8025E6D034005FB21D /* EmojiMemoryGameView.swift in Sources */ = {isa = PBXBuildFile; fileRef = 504CAE7F25E6D034005FB21D /* EmojiMemoryGameView.swift */; };
		504CAE8225E6D03B005FB21D /* Assets.xcassets in Resources */ = {isa = PBXBuildFile; fileRef = 504CAE8125E6D03B005FB21D /* Assets.xcassets */; };
		504CAE8525E6D03B005FB21D /* Preview Assets.xcassets in Resources */ = {isa = PBXBuildFile; fileRef = 504CAE8425E6D03B005FB21D /* Preview Assets.xcassets */; };
		504CAE8825E6D03C005FB21D /* LaunchScreen.storyboard in Resources */ = {isa = PBXBuildFile; fileRef = 504CAE8625E6D03C005FB21D /* LaunchScreen.storyboard */; };
		50E2084C260504D800B74A05 /* Grid.swift in Sources */ = {isa = PBXBuildFile; fileRef = 50E2084B260504D800B74A05 /* Grid.swift */; };
		50E2084F2605496300B74A05 /* GridLayout.swift in Sources */ = {isa = PBXBuildFile; fileRef = 50E2084E2605496300B74A05 /* GridLayout.swift */; };
		50E20852260555E700B74A05 /* Array+Identifiable.swift in Sources */ = {isa = PBXBuildFile; fileRef = 50E20851260555E700B74A05 /* Array+Identifiable.swift */; };
/* End PBXBuildFile section */

/* Begin PBXFileReference section */
		500D5C1525E7E9EF00B744A6 /* Memory Game.swift */ = {isa = PBXFileReference; lastKnownFileType = sourcecode.swift; path = "Memory Game.swift"; sourceTree = "<group>"; };
		500D5C1825E7ECA900B744A6 /* EmojiMemoryGame.swift */ = {isa = PBXFileReference; lastKnownFileType = sourcecode.swift; path = EmojiMemoryGame.swift; sourceTree = "<group>"; };
		504CAE7825E6D034005FB21D /* MemorizeApp.app */ = {isa = PBXFileReference; explicitFileType = wrapper.application; includeInIndex = 0; path = MemorizeApp.app; sourceTree = BUILT_PRODUCTS_DIR; };
		504CAE7B25E6D034005FB21D /* AppDelegate.swift */ = {isa = PBXFileReference; lastKnownFileType = sourcecode.swift; path = AppDelegate.swift; sourceTree = "<group>"; };
		504CAE7D25E6D034005FB21D /* SceneDelegate.swift */ = {isa = PBXFileReference; lastKnownFileType = sourcecode.swift; path = SceneDelegate.swift; sourceTree = "<group>"; };
		504CAE7F25E6D034005FB21D /* EmojiMemoryGameView.swift */ = {isa = PBXFileReference; lastKnownFileType = sourcecode.swift; path = EmojiMemoryGameView.swift; sourceTree = "<group>"; };
		504CAE8125E6D03B005FB21D /* Assets.xcassets */ = {isa = PBXFileReference; lastKnownFileType = folder.assetcatalog; path = Assets.xcassets; sourceTree = "<group>"; };
		504CAE8425E6D03B005FB21D /* Preview Assets.xcassets */ = {isa = PBXFileReference; lastKnownFileType = folder.assetcatalog; path = "Preview Assets.xcassets"; sourceTree = "<group>"; };
		504CAE8725E6D03C005FB21D /* Base */ = {isa = PBXFileReference; lastKnownFileType = file.storyboard; name = Base; path = Base.lproj/LaunchScreen.storyboard; sourceTree = "<group>"; };
		504CAE8925E6D03C005FB21D /* Info.plist */ = {isa = PBXFileReference; lastKnownFileType = text.plist.xml; path = Info.plist; sourceTree = "<group>"; };
		50E2084B260504D800B74A05 /* Grid.swift */ = {isa = PBXFileReference; lastKnownFileType = sourcecode.swift; path = Grid.swift; sourceTree = "<group>"; };
		50E2084E2605496300B74A05 /* GridLayout.swift */ = {isa = PBXFileReference; fileEncoding = 4; lastKnownFileType = sourcecode.swift; path = GridLayout.swift; sourceTree = "<group>"; };
		50E20851260555E700B74A05 /* Array+Identifiable.swift */ = {isa = PBXFileReference; lastKnownFileType = sourcecode.swift; path = "Array+Identifiable.swift"; sourceTree = "<group>"; };
/* End PBXFileReference section */

/* Begin PBXFrameworksBuildPhase section */
		504CAE7525E6D034005FB21D /* Frameworks */ = {
			isa = PBXFrameworksBuildPhase;
			buildActionMask = 2147483647;
			files = (
			);
			runOnlyForDeploymentPostprocessing = 0;
		};
/* End PBXFrameworksBuildPhase section */

/* Begin PBXGroup section */
		504CAE6F25E6D034005FB21D = {
			isa = PBXGroup;
			children = (
				504CAE7A25E6D034005FB21D /* MemorizeApp */,
				504CAE7925E6D034005FB21D /* Products */,
			);
			sourceTree = "<group>";
		};
		504CAE7925E6D034005FB21D /* Products */ = {
			isa = PBXGroup;
			children = (
				504CAE7825E6D034005FB21D /* MemorizeApp.app */,
			);
			name = Products;
			sourceTree = "<group>";
		};
		504CAE7A25E6D034005FB21D /* MemorizeApp */ = {
			isa = PBXGroup;
			children = (
				504CAE7B25E6D034005FB21D /* AppDelegate.swift */,
				504CAE7D25E6D034005FB21D /* SceneDelegate.swift */,
				504CAE7F25E6D034005FB21D /* EmojiMemoryGameView.swift */,
				50E2084B260504D800B74A05 /* Grid.swift */,
				50E20851260555E700B74A05 /* Array+Identifiable.swift */,
				50E2084E2605496300B74A05 /* GridLayout.swift */,
				500D5C1525E7E9EF00B744A6 /* Memory Game.swift */,
				500D5C1825E7ECA900B744A6 /* EmojiMemoryGame.swift */,
				504CAE8125E6D03B005FB21D /* Assets.xcassets */,
				504CAE8625E6D03C005FB21D /* LaunchScreen.storyboard */,
				504CAE8925E6D03C005FB21D /* Info.plist */,
				504CAE8325E6D03B005FB21D /* Preview Content */,
			);
			path = MemorizeApp;
			sourceTree = "<group>";
		};
		504CAE8325E6D03B005FB21D /* Preview Content */ = {
			isa = PBXGroup;
			children = (
				504CAE8425E6D03B005FB21D /* Preview Assets.xcassets */,
			);
			path = "Preview Content";
			sourceTree = "<group>";
		};
/* End PBXGroup section */

/* Begin PBXNativeTarget section */
		504CAE7725E6D034005FB21D /* MemorizeApp */ = {
			isa = PBXNativeTarget;
			buildConfigurationList = 504CAE8C25E6D03C005FB21D /* Build configuration list for PBXNativeTarget "MemorizeApp" */;
			buildPhases = (
				504CAE7425E6D034005FB21D /* Sources */,
				504CAE7525E6D034005FB21D /* Frameworks */,
				504CAE7625E6D034005FB21D /* Resources */,
			);
			buildRules = (
			);
			dependencies = (
			);
			name = MemorizeApp;
			productName = "Stanford Lesson01-Memorize app";
			productReference = 504CAE7825E6D034005FB21D /* MemorizeApp.app */;
			productType = "com.apple.product-type.application";
		};
/* End PBXNativeTarget section */

/* Begin PBXProject section */
		504CAE7025E6D034005FB21D /* Project object */ = {
			isa = PBXProject;
			attributes = {
				LastSwiftUpdateCheck = 1240;
				LastUpgradeCheck = 1240;
				TargetAttributes = {
					504CAE7725E6D034005FB21D = {
						CreatedOnToolsVersion = 12.4;
					};
				};
			};
			buildConfigurationList = 504CAE7325E6D034005FB21D /* Build configuration list for PBXProject "MemorizeApp" */;
			compatibilityVersion = "Xcode 9.3";
			developmentRegion = en;
			hasScannedForEncodings = 0;
			knownRegions = (
				en,
				Base,
			);
			mainGroup = 504CAE6F25E6D034005FB21D;
			productRefGroup = 504CAE7925E6D034005FB21D /* Products */;
			projectDirPath = "";
			projectRoot = "";
			targets = (
				504CAE7725E6D034005FB21D /* MemorizeApp */,
			);
		};
/* End PBXProject section */

/* Begin PBXResourcesBuildPhase section */
		504CAE7625E6D034005FB21D /* Resources */ = {
			isa = PBXResourcesBuildPhase;
			buildActionMask = 2147483647;
			files = (
				504CAE8825E6D03C005FB21D /* LaunchScreen.storyboard in Resources */,
				504CAE8525E6D03B005FB21D /* Preview Assets.xcassets in Resources */,
				504CAE8225E6D03B005FB21D /* Assets.xcassets in Resources */,
			);
			runOnlyForDeploymentPostprocessing = 0;
		};
/* End PBXResourcesBuildPhase section */

/* Begin PBXSourcesBuildPhase section */
		504CAE7425E6D034005FB21D /* Sources */ = {
			isa = PBXSourcesBuildPhase;
			buildActionMask = 2147483647;
			files = (
				504CAE7C25E6D034005FB21D /* AppDelegate.swift in Sources */,
				504CAE7E25E6D034005FB21D /* SceneDelegate.swift in Sources */,
				504CAE8025E6D034005FB21D /* EmojiMemoryGameView.swift in Sources */,
				500D5C1625E7E9EF00B744A6 /* Memory Game.swift in Sources */,
				500D5C1925E7ECA900B744A6 /* EmojiMemoryGame.swift in Sources */,
				50E20852260555E700B74A05 /* Array+Identifiable.swift in Sources */,
				50E2084F2605496300B74A05 /* GridLayout.swift in Sources */,
				50E2084C260504D800B74A05 /* Grid.swift in Sources */,
			);
			runOnlyForDeploymentPostprocessing = 0;
		};
/* End PBXSourcesBuildPhase section */

/* Begin PBXVariantGroup section */
		504CAE8625E6D03C005FB21D /* LaunchScreen.storyboard */ = {
			isa = PBXVariantGroup;
			children = (
				504CAE8725E6D03C005FB21D /* Base */,
			);
			name = LaunchScreen.storyboard;
			sourceTree = "<group>";
		};
/* End PBXVariantGroup section */

/* Begin XCBuildConfiguration section */
		504CAE8A25E6D03C005FB21D /* Debug */ = {
			isa = XCBuildConfiguration;
			buildSettings = {
				ALWAYS_SEARCH_USER_PATHS = NO;
				CLANG_ANALYZER_NONNULL = YES;
				CLANG_ANALYZER_NUMBER_OBJECT_CONVERSION = YES_AGGRESSIVE;
				CLANG_CXX_LANGUAGE_STANDARD = "gnu++14";
				CLANG_CXX_LIBRARY = "libc++";
				CLANG_ENABLE_MODULES = YES;
				CLANG_ENABLE_OBJC_ARC = YES;
				CLANG_ENABLE_OBJC_WEAK = YES;
				CLANG_WARN_BLOCK_CAPTURE_AUTORELEASING = YES;
				CLANG_WARN_BOOL_CONVERSION = YES;
				CLANG_WARN_COMMA = YES;
				CLANG_WARN_CONSTANT_CONVERSION = YES;
				CLANG_WARN_DEPRECATED_OBJC_IMPLEMENTATIONS = YES;
				CLANG_WARN_DIRECT_OBJC_ISA_USAGE = YES_ERROR;
				CLANG_WARN_DOCUMENTATION_COMMENTS = YES;
				CLANG_WARN_EMPTY_BODY = YES;
				CLANG_WARN_ENUM_CONVERSION = YES;
				CLANG_WARN_INFINITE_RECURSION = YES;
				CLANG_WARN_INT_CONVERSION = YES;
				CLANG_WARN_NON_LITERAL_NULL_CONVERSION = YES;
				CLANG_WARN_OBJC_IMPLICIT_RETAIN_SELF = YES;
				CLANG_WARN_OBJC_LITERAL_CONVERSION = YES;
				CLANG_WARN_OBJC_ROOT_CLASS = YES_ERROR;
				CLANG_WARN_QUOTED_INCLUDE_IN_FRAMEWORK_HEADER = YES;
				CLANG_WARN_RANGE_LOOP_ANALYSIS = YES;
				CLANG_WARN_STRICT_PROTOTYPES = YES;
				CLANG_WARN_SUSPICIOUS_MOVE = YES;
				CLANG_WARN_UNGUARDED_AVAILABILITY = YES_AGGRESSIVE;
				CLANG_WARN_UNREACHABLE_CODE = YES;
				CLANG_WARN__DUPLICATE_METHOD_MATCH = YES;
				COPY_PHASE_STRIP = NO;
				DEBUG_INFORMATION_FORMAT = dwarf;
				ENABLE_STRICT_OBJC_MSGSEND = YES;
				ENABLE_TESTABILITY = YES;
				GCC_C_LANGUAGE_STANDARD = gnu11;
				GCC_DYNAMIC_NO_PIC = NO;
				GCC_NO_COMMON_BLOCKS = YES;
				GCC_OPTIMIZATION_LEVEL = 0;
				GCC_PREPROCESSOR_DEFINITIONS = (
					"DEBUG=1",
					"$(inherited)",
				);
				GCC_WARN_64_TO_32_BIT_CONVERSION = YES;
				GCC_WARN_ABOUT_RETURN_TYPE = YES_ERROR;
				GCC_WARN_UNDECLARED_SELECTOR = YES;
				GCC_WARN_UNINITIALIZED_AUTOS = YES_AGGRESSIVE;
				GCC_WARN_UNUSED_FUNCTION = YES;
				GCC_WARN_UNUSED_VARIABLE = YES;
				IPHONEOS_DEPLOYMENT_TARGET = 14.4;
				MTL_ENABLE_DEBUG_INFO = INCLUDE_SOURCE;
				MTL_FAST_MATH = YES;
				ONLY_ACTIVE_ARCH = YES;
				SDKROOT = iphoneos;
				SWIFT_ACTIVE_COMPILATION_CONDITIONS = DEBUG;
				SWIFT_OPTIMIZATION_LEVEL = "-Onone";
			};
			name = Debug;
		};
		504CAE8B25E6D03C005FB21D /* Release */ = {
			isa = XCBuildConfiguration;
			buildSettings = {
				ALWAYS_SEARCH_USER_PATHS = NO;
				CLANG_ANALYZER_NONNULL = YES;
				CLANG_ANALYZER_NUMBER_OBJECT_CONVERSION = YES_AGGRESSIVE;
				CLANG_CXX_LANGUAGE_STANDARD = "gnu++14";
				CLANG_CXX_LIBRARY = "libc++";
				CLANG_ENABLE_MODULES = YES;
				CLANG_ENABLE_OBJC_ARC = YES;
				CLANG_ENABLE_OBJC_WEAK = YES;
				CLANG_WARN_BLOCK_CAPTURE_AUTORELEASING = YES;
				CLANG_WARN_BOOL_CONVERSION = YES;
				CLANG_WARN_COMMA = YES;
				CLANG_WARN_CONSTANT_CONVERSION = YES;
				CLANG_WARN_DEPRECATED_OBJC_IMPLEMENTATIONS = YES;
				CLANG_WARN_DIRECT_OBJC_ISA_USAGE = YES_ERROR;
				CLANG_WARN_DOCUMENTATION_COMMENTS = YES;
				CLANG_WARN_EMPTY_BODY = YES;
				CLANG_WARN_ENUM_CONVERSION = YES;
				CLANG_WARN_INFINITE_RECURSION = YES;
				CLANG_WARN_INT_CONVERSION = YES;
				CLANG_WARN_NON_LITERAL_NULL_CONVERSION = YES;
				CLANG_WARN_OBJC_IMPLICIT_RETAIN_SELF = YES;
				CLANG_WARN_OBJC_LITERAL_CONVERSION = YES;
				CLANG_WARN_OBJC_ROOT_CLASS = YES_ERROR;
				CLANG_WARN_QUOTED_INCLUDE_IN_FRAMEWORK_HEADER = YES;
				CLANG_WARN_RANGE_LOOP_ANALYSIS = YES;
				CLANG_WARN_STRICT_PROTOTYPES = YES;
				CLANG_WARN_SUSPICIOUS_MOVE = YES;
				CLANG_WARN_UNGUARDED_AVAILABILITY = YES_AGGRESSIVE;
				CLANG_WARN_UNREACHABLE_CODE = YES;
				CLANG_WARN__DUPLICATE_METHOD_MATCH = YES;
				COPY_PHASE_STRIP = NO;
				DEBUG_INFORMATION_FORMAT = "dwarf-with-dsym";
				ENABLE_NS_ASSERTIONS = NO;
				ENABLE_STRICT_OBJC_MSGSEND = YES;
				GCC_C_LANGUAGE_STANDARD = gnu11;
				GCC_NO_COMMON_BLOCKS = YES;
				GCC_WARN_64_TO_32_BIT_CONVERSION = YES;
				GCC_WARN_ABOUT_RETURN_TYPE = YES_ERROR;
				GCC_WARN_UNDECLARED_SELECTOR = YES;
				GCC_WARN_UNINITIALIZED_AUTOS = YES_AGGRESSIVE;
				GCC_WARN_UNUSED_FUNCTION = YES;
				GCC_WARN_UNUSED_VARIABLE = YES;
				IPHONEOS_DEPLOYMENT_TARGET = 14.4;
				MTL_ENABLE_DEBUG_INFO = NO;
				MTL_FAST_MATH = YES;
				SDKROOT = iphoneos;
				SWIFT_COMPILATION_MODE = wholemodule;
				SWIFT_OPTIMIZATION_LEVEL = "-O";
				VALIDATE_PRODUCT = YES;
			};
			name = Release;
		};
		504CAE8D25E6D03C005FB21D /* Debug */ = {
			isa = XCBuildConfiguration;
			buildSettings = {
				ASSETCATALOG_COMPILER_APPICON_NAME = AppIcon;
				ASSETCATALOG_COMPILER_GLOBAL_ACCENT_COLOR_NAME = AccentColor;
				CODE_SIGN_STYLE = Automatic;
				DEVELOPMENT_ASSET_PATHS = "\"MemorizeApp/Preview Content\"";
				ENABLE_PREVIEWS = YES;
				INFOPLIST_FILE = MemorizeApp/Info.plist;
				LD_RUNPATH_SEARCH_PATHS = (
					"$(inherited)",
					"@executable_path/Frameworks",
				);
				PRODUCT_BUNDLE_IDENTIFIER = "Kyle-Shal.MemorizeApp";
				PRODUCT_NAME = "$(TARGET_NAME)";
				SWIFT_VERSION = 5.0;
				TARGETED_DEVICE_FAMILY = "1,2";
			};
			name = Debug;
		};
		504CAE8E25E6D03C005FB21D /* Release */ = {
			isa = XCBuildConfiguration;
			buildSettings = {
				ASSETCATALOG_COMPILER_APPICON_NAME = AppIcon;
				ASSETCATALOG_COMPILER_GLOBAL_ACCENT_COLOR_NAME = AccentColor;
				CODE_SIGN_STYLE = Automatic;
				DEVELOPMENT_ASSET_PATHS = "\"MemorizeApp/Preview Content\"";
				ENABLE_PREVIEWS = YES;
				INFOPLIST_FILE = MemorizeApp/Info.plist;
				LD_RUNPATH_SEARCH_PATHS = (
					"$(inherited)",
					"@executable_path/Frameworks",
				);
				PRODUCT_BUNDLE_IDENTIFIER = "Kyle-Shal.MemorizeApp";
				PRODUCT_NAME = "$(TARGET_NAME)";
				SWIFT_VERSION = 5.0;
				TARGETED_DEVICE_FAMILY = "1,2";
			};
			name = Release;
		};
/* End XCBuildConfiguration section */

/* Begin XCConfigurationList section */
		504CAE7325E6D034005FB21D /* Build configuration list for PBXProject "MemorizeApp" */ = {
			isa = XCConfigurationList;
			buildConfigurations = (
				504CAE8A25E6D03C005FB21D /* Debug */,
				504CAE8B25E6D03C005FB21D /* Release */,
			);
			defaultConfigurationIsVisible = 0;
			defaultConfigurationName = Release;
		};
		504CAE8C25E6D03C005FB21D /* Build configuration list for PBXNativeTarget "MemorizeApp" */ = {
			isa = XCConfigurationList;
			buildConfigurations = (
				504CAE8D25E6D03C005FB21D /* Debug */,
				504CAE8E25E6D03C005FB21D /* Release */,
			);
			defaultConfigurationIsVisible = 0;
			defaultConfigurationName = Release;
		};
/* End XCConfigurationList section */
	};
	rootObject = 504CAE7025E6D034005FB21D /* Project object */;
}
